
Microsoft Visual Studio Solution File, Format Version 12.00
# Visual Studio Version 16
VisualStudioVersion = 16.0.31702.278
MinimumVisualStudioVersion = 10.0.40219.1
Project("{FAE04EC0-301F-11D3-BF4B-00C04F79EFBC}") = "Aula22-02", "Aula22-02\Aula22-02.csproj", "{74C16FE6-2CD3-4F69-9443-66200D03EC96}"
EndProject
Global
	GlobalSection(SolutionConfigurationPlatforms) = preSolution
		Debug|Any CPU = Debug|Any CPU
		Release|Any CPU = Release|Any CPU
	EndGlobalSection
	GlobalSection(ProjectConfigurationPlatforms) = postSolution
		{74C16FE6-2CD3-4F69-9443-66200D03EC96}.Debug|Any CPU.ActiveCfg = Debug|Any CPU
		{74C16FE6-2CD3-4F69-9443-66200D03EC96}.Debug|Any CPU.Build.0 = Debug|Any CPU
		{74C16FE6-2CD3-4F69-9443-66200D03EC96}.Release|Any CPU.ActiveCfg = Release|Any CPU
		{74C16FE6-2CD3-4F69-9443-66200D03EC96}.Release|Any CPU.Build.0 = Release|Any CPU
	EndGlobalSection
	GlobalSection(SolutionProperties) = preSolution
		HideSolutionNode = FALSE
	EndGlobalSection
	GlobalSection(ExtensibilityGlobals) = postSolution
		SolutionGuid = {45F620EB-431B-4BAD-935A-A7301EB8FBB1}
	EndGlobalSection
EndGlobal
